lockfileVersion: '9.0'

settings:
  autoInstallPeers: true
  excludeLinksFromLockfile: false

importers:

  .:
    dependencies:
      graphql-config:
        specifier: ^5.0.3
        version: 5.1.2(@types/node@22.5.5)(graphql@16.9.0)

packages:

  '@ardatan/sync-fetch@0.0.1':
    resolution: {integrity: sha512-xhlTqH0m31mnsG0tIP4ETgfSB6gXDaYYsUWTrlUV93fFQPI9dd8hE0Ot6MHLCtqgB32hwJAC3YZMWlXZw7AleA==}
    engines: {node: '>=14'}

  '@babel/code-frame@7.24.7':
    resolution: {integrity: sha512-BcYH1CVJBO9tvyIZ2jVeXgSIMvGZ2FDRvDdOIVQyuklNKSsx+eppDEBq/g47Ayw+RqNFE+URvOShmf+f/qwAlA==}
    engines: {node: '>=6.9.0'}

  '@babel/helper-validator-identifier@7.24.7':
    resolution: {integrity: sha512-rR+PBcQ1SMQDDyF6X0wxtG8QyLCgUB0eRAGguqRLfkCA87l7yAP7ehq8SNj96OOGTO8OBV70KhuFYcIkHXOg0w==}
    engines: {node: '>=6.9.0'}

  '@babel/highlight@7.24.7':
    resolution: {integrity: sha512-EStJpq4OuY8xYfhGVXngigBJRWxftKX9ksiGDnmlY3o7B/V7KIAc9X4oiK87uPJSc/vs5L869bem5fhZa8caZw==}
    engines: {node: '>=6.9.0'}

  '@graphql-tools/batch-execute@9.0.4':
    resolution: {integrity: sha512-kkebDLXgDrep5Y0gK1RN3DMUlLqNhg60OAz0lTCqrYeja6DshxLtLkj+zV4mVbBA4mQOEoBmw6g1LZs3dA84/w==}
    engines: {node: '>=16.0.0'}
    peerDependencies:
      graphql: ^14.0.0 || ^15.0.0 || ^16.0.0 || ^17.0.0

  '@graphql-tools/delegate@10.0.21':
    resolution: {integrity: sha512-UytyYVvDfLQbCYG1aQo8Vc67c1WhEjzW9ytYKEEqMJSdlwfMCujHmCz7EyH5DNjTAKapDHuQcN5VivKGap/Beg==}
    engines: {node: '>=16.0.0'}
    peerDependencies:
      graphql: ^14.0.0 || ^15.0.0 || ^16.0.0 || ^17.0.0

  '@graphql-tools/executor-graphql-ws@1.2.0':
    resolution: {integrity: sha512-tSYC1QdrabWexLrYV0UI3uRGbde9WCY/bRhq6Jc+VXMZcfq6ea6pP5NEAVTfwbhUQ4xZvJABVVbKXtKb9uTg1w==}
    engines: {node: '>=16.0.0'}
    peerDependencies:
      graphql: ^14.0.0 || ^15.0.0 || ^16.0.0 || ^17.0.0

  '@graphql-tools/executor-http@1.1.6':
    resolution: {integrity: sha512-wGKjJzbi6em8cWI3sry6T7kAgoxMXYNM+KlbsWczPvIsHvv1cqXlrP1lwC6f7Ja1FfWdU1ZIEgOv93ext7IDyQ==}
    engines: {node: '>=16.0.0'}
    peerDependencies:
      graphql: ^14.0.0 || ^15.0.0 || ^16.0.0 || ^17.0.0

  '@graphql-tools/executor-legacy-ws@1.1.0':
    resolution: {integrity: sha512-k+6ZyiaAd8SmwuzbEOfA/LVkuI1nqidhoMw+CJ7c41QGOjSMzc0VS0UZbJyeitI0n7a+uP/Meln1wjzJ2ReDtQ==}
    engines: {node: '>=16.0.0'}
    peerDependencies:
      graphql: ^14.0.0 || ^15.0.0 || ^16.0.0 || ^17.0.0

  '@graphql-tools/executor@1.3.1':
    resolution: {integrity: sha512-tgJDdGf9SCAm64ofEMZdv925u6/J+eTmv36TGNLxgP2DpCJsZ6gnJ4A+0D28EazDXqJIvMiPd+3d+o3cCRCAnQ==}
    engines: {node: '>=16.0.0'}
    peerDependencies:
      graphql: ^14.0.0 || ^15.0.0 || ^16.0.0 || ^17.0.0

  '@graphql-tools/graphql-file-loader@8.0.1':
    resolution: {integrity: sha512-7gswMqWBabTSmqbaNyWSmRRpStWlcCkBc73E6NZNlh4YNuiyKOwbvSkOUYFOqFMfEL+cFsXgAvr87Vz4XrYSbA==}
    engines: {node: '>=16.0.0'}
    peerDependencies:
      graphql: ^14.0.0 || ^15.0.0 || ^16.0.0 || ^17.0.0

  '@graphql-tools/import@7.0.1':
    resolution: {integrity: sha512-935uAjAS8UAeXThqHfYVr4HEAp6nHJ2sximZKO1RzUTq5WoALMAhhGARl0+ecm6X+cqNUwIChJbjtaa6P/ML0w==}
    engines: {node: '>=16.0.0'}
    peerDependencies:
      graphql: ^14.0.0 || ^15.0.0 || ^16.0.0 || ^17.0.0

  '@graphql-tools/json-file-loader@8.0.1':
    resolution: {integrity: sha512-lAy2VqxDAHjVyqeJonCP6TUemrpYdDuKt25a10X6zY2Yn3iFYGnuIDQ64cv3ytyGY6KPyPB+Kp+ZfOkNDG3FQA==}
    engines: {node: '>=16.0.0'}
    peerDependencies:
      graphql: ^14.0.0 || ^15.0.0 || ^16.0.0 || ^17.0.0

  '@graphql-tools/load@8.0.2':
    resolution: {integrity: sha512-S+E/cmyVmJ3CuCNfDuNF2EyovTwdWfQScXv/2gmvJOti2rGD8jTt9GYVzXaxhblLivQR9sBUCNZu/w7j7aXUCA==}
    engines: {node: '>=16.0.0'}
    peerDependencies:
      graphql: ^14.0.0 || ^15.0.0 || ^16.0.0 || ^17.0.0

  '@graphql-tools/merge@9.0.7':
    resolution: {integrity: sha512-lbTrIuXIbUSmSumHkPRY1QX0Z8JEtmRhnIrkH7vkfeEmf0kNn/nCWvJwqokm5U7L+a+DA1wlRM4slIlbfXjJBA==}
    engines: {node: '>=16.0.0'}
    peerDependencies:
      graphql: ^14.0.0 || ^15.0.0 || ^16.0.0 || ^17.0.0

  '@graphql-tools/schema@10.0.6':
    resolution: {integrity: sha512-EIJgPRGzpvDFEjVp+RF1zNNYIC36BYuIeZ514jFoJnI6IdxyVyIRDLx/ykgMdaa1pKQerpfdqDnsF4JnZoDHSQ==}
    engines: {node: '>=16.0.0'}
    peerDependencies:
      graphql: ^14.0.0 || ^15.0.0 || ^16.0.0 || ^17.0.0

  '@graphql-tools/url-loader@8.0.2':
    resolution: {integrity: sha512-1dKp2K8UuFn7DFo1qX5c1cyazQv2h2ICwA9esHblEqCYrgf69Nk8N7SODmsfWg94OEaI74IqMoM12t7eIGwFzQ==}
    engines: {node: '>=16.0.0'}
    peerDependencies:
      graphql: ^14.0.0 || ^15.0.0 || ^16.0.0 || ^17.0.0

  '@graphql-tools/utils@10.5.4':
    resolution: {integrity: sha512-XHnyCWSlg1ccsD8s0y6ugo5GZ5TpkTiFVNPSYms5G0s6Z/xTuSmiLBfeqgkfaCwLmLaQnRCmNDL2JRnqc2R5bQ==}
    engines: {node: '>=16.0.0'}
    peerDependencies:
      graphql: ^14.0.0 || ^15.0.0 || ^16.0.0 || ^17.0.0

  '@graphql-tools/wrap@10.0.5':
    resolution: {integrity: sha512-Cbr5aYjr3HkwdPvetZp1cpDWTGdD1Owgsb3z/ClzhmrboiK86EnQDxDvOJiQkDCPWE9lNBwj8Y4HfxroY0D9DQ==}
    engines: {node: '>=16.0.0'}
    peerDependencies:
      graphql: ^14.0.0 || ^15.0.0 || ^16.0.0 || ^17.0.0

  '@graphql-typed-document-node/core@3.2.0':
    resolution: {integrity: sha512-mB9oAsNCm9aM3/SOv4YtBMqZbYj10R7dkq8byBqxGY/ncFwhf2oQzMV+LCRlWoDSEBJ3COiR1yeDvMtsoOsuFQ==}
    peerDependencies:
      graphql: ^0.8.0 || ^0.9.0 || ^0.10.0 || ^0.11.0 || ^0.12.0 || ^0.13.0 || ^14.0.0 || ^15.0.0 || ^16.0.0 || ^17.0.0

  '@kamilkisiela/fast-url-parser@1.1.4':
    resolution: {integrity: sha512-gbkePEBupNydxCelHCESvFSFM8XPh1Zs/OAVRW/rKpEqPAl5PbOM90Si8mv9bvnR53uPD2s/FiRxdvSejpRJew==}

  '@nodelib/fs.scandir@2.1.5':
    resolution: {integrity: sha512-vq24Bq3ym5HEQm2NKCr3yXDwjc7vTsEThRDnkp2DK9p1uqLR+DHurm/NOTo0KG7HYHU7eppKZj3MyqYuMBf62g==}
    engines: {node: '>= 8'}

  '@nodelib/fs.stat@2.0.5':
    resolution: {integrity: sha512-RkhPPp2zrqDAQA/2jNhnztcPAlv64XdhIp7a7454A5ovI7Bukxgt7MX7udwAu3zg1DcpPU0rz3VV1SeaqvY4+A==}
    engines: {node: '>= 8'}

  '@nodelib/fs.walk@1.2.8':
    resolution: {integrity: sha512-oGB+UxlgWcgQkgwo8GcEGwemoTFt3FIO9ababBmaGwXIoBKZ+GTy0pP185beGg7Llih/NSHSV2XAs1lnznocSg==}
    engines: {node: '>= 8'}

  '@repeaterjs/repeater@3.0.6':
    resolution: {integrity: sha512-Javneu5lsuhwNCryN+pXH93VPQ8g0dBX7wItHFgYiwQmzE1sVdg5tWHiOgHywzL2W21XQopa7IwIEnNbmeUJYA==}

  '@types/node@22.5.5':
    resolution: {integrity: sha512-Xjs4y5UPO/CLdzpgR6GirZJx36yScjh73+2NlLlkFRSoQN8B0DpfXPdZGnvVmLRLOsqDpOfTNv7D9trgGhmOIA==}

  '@types/ws@8.5.12':
    resolution: {integrity: sha512-3tPRkv1EtkDpzlgyKyI8pGsGZAGPEaXeu0DOj5DI25Ja91bdAYddYHbADRYVrZMRbfW+1l5YwXVDKohDJNQxkQ==}

  '@whatwg-node/fetch@0.9.21':
    resolution: {integrity: sha512-Wt0jPb+04JjobK0pAAN7mEHxVHcGA9HoP3OyCsZtyAecNQeADXCZ1MihFwVwjsgaRYuGVmNlsCmLxlG6mor8Gw==}
    engines: {node: '>=18.0.0'}

  '@whatwg-node/node-fetch@0.5.26':
    resolution: {integrity: sha512-4jXDeZ4IH4bylZ6wu14VEx0aDXXhrN4TC279v9rPmn08g4EYekcYf8wdcOOnS9STjDkb6x77/6xBUTqxGgjr8g==}
    engines: {node: '>=18.0.0'}

  ansi-styles@3.2.1:
    resolution: {integrity: sha512-VT0ZI6kZRdTh8YyJw3SMbYm/u+NqfsAxEpWO0Pf9sq8/e94WxxOpPKx9FR1FlyCtOVDNOQ+8ntlqFxiRc+r5qA==}
    engines: {node: '>=4'}

  argparse@2.0.1:
    resolution: {integrity: sha512-8+9WqebbFzpX9OR+Wa6O29asIogeRMzcGtAINdpMHHyAg10f05aSFVBbcEqGf/PXw1EjAZ+q2/bEBg3DvurK3Q==}

  array-union@2.1.0:
    resolution: {integrity: sha512-HGyxoOTYUyCM6stUe6EJgnd4EoewAI7zMdfqO+kGjnlZmBDz/cR5pf8r/cR4Wq60sL/p0IkcjUEEPwS3GFrIyw==}
    engines: {node: '>=8'}

  balanced-match@1.0.2:
    resolution: {integrity: sha512-3oSeUO0TMV67hN1AmbXsK4yaqU7tjiHlbxRDZOpH0KW9+CeX4bRAaX0Anxt0tx2MrpRpWwQaPwIlISEJhYU5Pw==}

  brace-expansion@2.0.1:
    resolution: {integrity: sha512-XnAIvQ8eM+kC6aULx6wuQiwVsnzsi9d3WxzV3FpWTGA19F621kwdbsAcFKXgKUHZWsy+mY6iL1sHTxWEFCytDA==}

  braces@3.0.3:
    resolution: {integrity: sha512-yQbXgO/OSZVD2IsiLlro+7Hf6Q18EJrKSEsdoMzKePKXct3gvD8oLcOQdIzGupr5Fj+EDe8gO/lxc1BzfMpxvA==}
    engines: {node: '>=8'}

  busboy@1.6.0:
    resolution: {integrity: sha512-8SFQbg/0hQ9xy3UNTB0YEnsNBbWfhf7RtnzpL7TkBiTBRfrQ9Fxcnz7VJsleJpyp6rVLvXiuORqjlHi5q+PYuA==}
    engines: {node: '>=10.16.0'}

  callsites@3.1.0:
    resolution: {integrity: sha512-P8BjAsXvZS+VIDUI11hHCQEv74YT67YUi5JJFNWIqL235sBmjX4+qx9Muvls5ivyNENctx46xQLQ3aTuE7ssaQ==}
    engines: {node: '>=6'}

  chalk@2.4.2:
    resolution: {integrity: sha512-Mti+f9lpJNcwF4tWV8/OrTTtF1gZi+f8FqlyAdouralcFWFQWF2+NgCHShjkCb+IFBLq9buZwE1xckQU4peSuQ==}
    engines: {node: '>=4'}

  color-convert@1.9.3:
    resolution: {integrity: sha512-QfAUtd+vFdAtFQcC8CCyYt1fYWxSqAiK2cSD6zDB8N3cpsEBAvRxp9zOGg6G/SHHJYAT88/az/IuDGALsNVbGg==}

  color-name@1.1.3:
    resolution: {integrity: sha512-72fSenhMw2HZMTVHeCA9KCmpEIbzWiQsjN+BHcBbS9vr1mtt+vJjPdksIBNUmKAW8TFUDPJK5SUU3QhE9NEXDw==}

  cosmiconfig@9.0.0:
    resolution: {integrity: sha512-itvL5h8RETACmOTFc4UfIyB2RfEHi71Ax6E/PivVxq9NseKbOWpeyHEOIbmAw1rs8Ak0VursQNww7lf7YtUwzg==}
    engines: {node: '>=14'}
    peerDependencies:
      typescript: '>=4.9.5'
    peerDependenciesMeta:
      typescript:
        optional: true

  cross-inspect@1.0.1:
    resolution: {integrity: sha512-Pcw1JTvZLSJH83iiGWt6fRcT+BjZlCDRVwYLbUcHzv/CRpB7r0MlSrGbIyQvVSNyGnbt7G4AXuyCiDR3POvZ1A==}
    engines: {node: '>=16.0.0'}

  dataloader@2.2.2:
    resolution: {integrity: sha512-8YnDaaf7N3k/q5HnTJVuzSyLETjoZjVmHc4AeKAzOvKHEFQKcn64OKBfzHYtE9zGjctNM7V9I0MfnUVLpi7M5g==}

  dir-glob@3.0.1:
    resolution: {integrity: sha512-WkrWp9GR4KXfKGYzOLmTuGVi1UWFfws377n9cc55/tb6DuqyF6pcQ5AbiHEshaDpY9v6oaSr2XCDidGmMwdzIA==}
    engines: {node: '>=8'}

  dset@3.1.4:
    resolution: {integrity: sha512-2QF/g9/zTaPDc3BjNcVTGoBbXBgYfMTTceLaYcFJ/W9kggFUkhxD/hMEeuLKbugyef9SqAx8cpgwlIP/jinUTA==}
    engines: {node: '>=4'}

  env-paths@2.2.1:
    resolution: {integrity: sha512-+h1lkLKhZMTYjog1VEpJNG7NZJWcuc2DDk/qsqSTRRCOXiLjeQ1d1/udrUGhqMxUgAlwKNZ0cf2uqan5GLuS2A==}
    engines: {node: '>=6'}

  error-ex@1.3.2:
    resolution: {integrity: sha512-7dFHNmqeFSEt2ZBsCriorKnn3Z2pj+fd9kmI6QoWw4//DL+icEBfc0U7qJCisqrTsKTjw4fNFy2pW9OqStD84g==}

  escape-string-regexp@1.0.5:
    resolution: {integrity: sha512-vbRorB5FUQWvla16U8R/qgaFIya2qGzwDrNmCZuYKrbdSUMG6I1ZCGQRefkRVhuOkIGVne7BQ35DSfo1qvJqFg==}
    engines: {node: '>=0.8.0'}

  extract-files@11.0.0:
    resolution: {integrity: sha512-FuoE1qtbJ4bBVvv94CC7s0oTnKUGvQs+Rjf1L2SJFfS+HTVVjhPFtehPdQ0JiGPqVNfSSZvL5yzHHQq2Z4WNhQ==}
    engines: {node: ^12.20 || >= 14.13}

  fast-decode-uri-component@1.0.1:
    resolution: {integrity: sha512-WKgKWg5eUxvRZGwW8FvfbaH7AXSh2cL+3j5fMGzUMCxWBJ3dV3a7Wz8y2f/uQ0e3B6WmodD3oS54jTQ9HVTIIg==}

  fast-glob@3.3.2:
    resolution: {integrity: sha512-oX2ruAFQwf/Orj8m737Y5adxDQO0LAB7/S5MnxCdTNDd4p6BsyIVsv9JQsATbTSq8KHRpLwIHbVlUNatxd+1Ow==}
    engines: {node: '>=8.6.0'}

  fast-querystring@1.1.2:
    resolution: {integrity: sha512-g6KuKWmFXc0fID8WWH0jit4g0AGBoJhCkJMb1RmbsSEUNvQ+ZC8D6CUZ+GtF8nMzSPXnhiePyyqqipzNNEnHjg==}

  fastq@1.17.1:
    resolution: {integrity: sha512-sRVD3lWVIXWg6By68ZN7vho9a1pQcN/WBFaAAsDDFzlJjvoGx0P8z7V1t72grFJfJhu3YPZBuu25f7Kaw2jN1w==}

  fill-range@7.1.1:
    resolution: {integrity: sha512-YsGpe3WHLK8ZYi4tWDg2Jy3ebRz2rXowDxnld4bkQB00cc/1Zw9AWnC0i9ztDJitivtQvaI9KaLyKrc+hBW0yg==}
    engines: {node: '>=8'}

  glob-parent@5.1.2:
    resolution: {integrity: sha512-AOIgSQCepiJYwP3ARnGx+5VnTu2HBYdzbGP45eLw1vr3zB3vZLeyed1sC9hnbcOc9/SrMyM5RPQrkGz4aS9Zow==}
    engines: {node: '>= 6'}

  globby@11.1.0:
    resolution: {integrity: sha512-jhIXaOzy1sb8IyocaruWSn1TjmnBVs8Ayhcy83rmxNJ8q2uWKCAj3CnJY+KpGSXCueAPc0i05kVvVKtP1t9S3g==}
    engines: {node: '>=10'}

  graphql-config@5.1.2:
    resolution: {integrity: sha512-kVwUuFz1h9u7B0nDPtnLFWN+x018niaH3zi1ChFCNfbunhDVJ911Z3YcglK5EfDfySeeH+zCa1aGxd1wMgNd7g==}
    engines: {node: '>= 16.0.0'}
    peerDependencies:
      cosmiconfig-toml-loader: ^1.0.0
      graphql: ^0.11.0 || ^0.12.0 || ^0.13.0 || ^14.0.0 || ^15.0.0 || ^16.0.0
    peerDependenciesMeta:
      cosmiconfig-toml-loader:
        optional: true

  graphql-ws@5.16.0:
    resolution: {integrity: sha512-Ju2RCU2dQMgSKtArPbEtsK5gNLnsQyTNIo/T7cZNp96niC1x0KdJNZV0TIoilceBPQwfb5itrGl8pkFeOUMl4A==}
    engines: {node: '>=10'}
    peerDependencies:
      graphql: '>=0.11 <=16'

  graphql@16.9.0:
    resolution: {integrity: sha512-GGTKBX4SD7Wdb8mqeDLni2oaRGYQWjWHGKPQ24ZMnUtKfcsVoiv4uX8+LJr1K6U5VW2Lu1BwJnj7uiori0YtRw==}
    engines: {node: ^12.22.0 || ^14.16.0 || ^16.0.0 || >=17.0.0}

  has-flag@3.0.0:
    resolution: {integrity: sha512-sKJf1+ceQBr4SMkvQnBDNDtf4TXpVhVGateu0t918bl30FnbE2m4vNLX+VWe/dpjlb+HugGYzW7uQXH98HPEYw==}
    engines: {node: '>=4'}

  ignore@5.3.2:
    resolution: {integrity: sha512-hsBTNUqQTDwkWtcdYI2i06Y/nUBEsNEDJKjWdigLvegy8kDuJAS8uRlpkkcQpyEXL0Z/pjDy5HBmMjRCJ2gq+g==}
    engines: {node: '>= 4'}

  import-fresh@3.3.0:
    resolution: {integrity: sha512-veYYhQa+D1QBKznvhUHxb8faxlrwUnxseDAbAp457E0wLNio2bOSKnjYDhMj+YiAq61xrMGhQk9iXVk5FzgQMw==}
    engines: {node: '>=6'}

  is-arrayish@0.2.1:
    resolution: {integrity: sha512-zz06S8t0ozoDXMG+ube26zeCTNXcKIPJZJi8hBrF4idCLms4CG9QtK7qBl1boi5ODzFpjswb5JPmHCbMpjaYzg==}

  is-extglob@2.1.1:
    resolution: {integrity: sha512-SbKbANkN603Vi4jEZv49LeVJMn4yGwsbzZworEoyEiutsN3nJYdbO36zfhGJ6QEDpOZIFkDtnq5JRxmvl3jsoQ==}
    engines: {node: '>=0.10.0'}

  is-glob@4.0.3:
    resolution: {integrity: sha512-xelSayHH36ZgE7ZWhli7pW34hNbNl8Ojv5KVmkJD4hBdD3th8Tfk9vYasLM+mXWOZhFkgZfxhLSnrwRr4elSSg==}
    engines: {node: '>=0.10.0'}

  is-number@7.0.0:
    resolution: {integrity: sha512-41Cifkg6e8TylSpdtTpeLVMqvSBEVzTttHvERD741+pnZ8ANv0004MRL43QKPDlK9cGvNp6NZWZUBlbGXYxxng==}
    engines: {node: '>=0.12.0'}

  isomorphic-ws@5.0.0:
    resolution: {integrity: sha512-muId7Zzn9ywDsyXgTIafTry2sV3nySZeUDe6YedVd1Hvuuep5AsIlqK+XefWpYTyJG5e503F2xIuT2lcU6rCSw==}
    peerDependencies:
      ws: '*'

  jiti@1.21.6:
    resolution: {integrity: sha512-2yTgeWTWzMWkHu6Jp9NKgePDaYHbntiwvYuuJLbbN9vl7DC9DvXKOB2BC3ZZ92D3cvV/aflH0osDfwpHepQ53w==}
    hasBin: true

  js-tokens@4.0.0:
    resolution: {integrity: sha512-RdJUflcE3cUzKiMqQgsCu06FPu9UdIJO0beYbPhHN4k6apgJtifcoCtT9bcxOpYBtpD2kCM6Sbzg4CausW/PKQ==}

  js-yaml@4.1.0:
    resolution: {integrity: sha512-wpxZs9NoxZaJESJGIZTyDEaYpl0FKSA+FB9aJiyemKhMwkxQg63h4T1KJgUGHpTqPDNRcmmYLugrRjJlBtWvRA==}
    hasBin: true

  json-parse-even-better-errors@2.3.1:
    resolution: {integrity: sha512-xyFwyhro/JEof6Ghe2iz2NcXoj2sloNsWr/XsERDK/oiPCfaNhl5ONfp+jQdAZRQQ0IJWNzH9zIZF7li91kh2w==}

  lines-and-columns@1.2.4:
    resolution: {integrity: sha512-7ylylesZQ/PV29jhEDl3Ufjo6ZX7gCqJr5F7PKrqc93v7fzSymt1BpwEU8nAUXs8qzzvqhbjhK5QZg6Mt/HkBg==}

  merge2@1.4.1:
    resolution: {integrity: sha512-8q7VEgMJW4J8tcfVPy8g09NcQwZdbwFEqhe/WZkoIzjn/3TGDwtOCYtXGxA3O8tPzpczCCDgv+P2P5y00ZJOOg==}
    engines: {node: '>= 8'}

  meros@1.3.0:
    resolution: {integrity: sha512-2BNGOimxEz5hmjUG2FwoxCt5HN7BXdaWyFqEwxPTrJzVdABtrL4TiHTcsWSFAxPQ/tOnEaQEJh3qWq71QRMY+w==}
    engines: {node: '>=13'}
    peerDependencies:
      '@types/node': '>=13'
    peerDependenciesMeta:
      '@types/node':
        optional: true

  micromatch@4.0.8:
    resolution: {integrity: sha512-PXwfBhYu0hBCPw8Dn0E+WDYb7af3dSLVWKi3HGv84IdF4TyFoC0ysxFd0Goxw7nSv4T/PzEJQxsYsEiFCKo2BA==}
    engines: {node: '>=8.6'}

  minimatch@9.0.5:
    resolution: {integrity: sha512-G6T0ZX48xgozx7587koeX9Ys2NYy6Gmv//P89sEte9V9whIapMNF4idKxnW2QtCcLiTWlb/wfCabAtAFWhhBow==}
    engines: {node: '>=16 || 14 >=14.17'}

  node-fetch@2.7.0:
    resolution: {integrity: sha512-c4FRfUm/dbcWZ7U+1Wq0AwCyFL+3nt2bEw05wfxSz+DWpWsitgmSgYmy2dQdWyKC1694ELPqMs/YzUSNozLt8A==}
    engines: {node: 4.x || >=6.0.0}
    peerDependencies:
      encoding: ^0.1.0
    peerDependenciesMeta:
      encoding:
        optional: true

  normalize-path@2.1.1:
    resolution: {integrity: sha512-3pKJwH184Xo/lnH6oyP1q2pMd7HcypqqmRs91/6/i2CGtWwIKGCkOOMTm/zXbgTEWHw1uNpNi/igc3ePOYHb6w==}
    engines: {node: '>=0.10.0'}

  p-limit@3.1.0:
    resolution: {integrity: sha512-TYOanM3wGwNGsZN2cVTYPArw454xnXj5qmWF1bEoAc4+cU/ol7GVh7odevjp1FNHduHc3KZMcFduxU5Xc6uJRQ==}
    engines: {node: '>=10'}

  parent-module@1.0.1:
    resolution: {integrity: sha512-GQ2EWRpQV8/o+Aw8YqtfZZPfNRWZYkbidE9k5rpl/hC3vtHHBfGm2Ifi6qWV+coDGkrUKZAxE3Lot5kcsRlh+g==}
    engines: {node: '>=6'}

  parse-json@5.2.0:
    resolution: {integrity: sha512-ayCKvm/phCGxOkYRSCM82iDwct8/EonSEgCSxWxD7ve6jHggsFl4fZVQBPRNgQoKiuV/odhFrGzQXZwbifC8Rg==}
    engines: {node: '>=8'}

  path-type@4.0.0:
    resolution: {integrity: sha512-gDKb8aZMDeD/tZWs9P6+q0J9Mwkdl6xMV8TjnGP3qJVJ06bdMgkbBlLU8IdfOsIsFz2BW1rNVT3XuNEl8zPAvw==}
    engines: {node: '>=8'}

  picocolors@1.1.0:
    resolution: {integrity: sha512-TQ92mBOW0l3LeMeyLV6mzy/kWr8lkd/hp3mTg7wYK7zJhuBStmGMBG0BdeDZS/dZx1IukaX6Bk11zcln25o1Aw==}

  picomatch@2.3.1:
    resolution: {integrity: sha512-JU3teHTNjmE2VCGFzuY8EXzCDVwEqB2a8fsIvwaStHhAWJEeVd1o1QD80CU6+ZdEXXSLbSsuLwJjkCBWqRQUVA==}
    engines: {node: '>=8.6'}

  queue-microtask@1.2.3:
    resolution: {integrity: sha512-NuaNSa6flKT5JaSYQzJok04JzTL1CA6aGhv5rfLW3PgqA+M2ChpZQnAC8h8i4ZFkBS8X5RqkDBHA7r4hej3K9A==}

  remove-trailing-separator@1.1.0:
    resolution: {integrity: sha512-/hS+Y0u3aOfIETiaiirUFwDBDzmXPvO+jAfKTitUngIPzdKc6Z0LoFjM/CK5PL4C+eKwHohlHAb6H0VFfmmUsw==}

  resolve-from@4.0.0:
    resolution: {integrity: sha512-pb/MYmXstAkysRFx8piNI1tGFNQIFA3vkE3Gq4EuA1dF6gHp/+vgZqsCGJapvy8N3Q+4o7FwvquPJcnZ7RYy4g==}
    engines: {node: '>=4'}

  resolve-from@5.0.0:
    resolution: {integrity: sha512-qYg9KP24dD5qka9J47d0aVky0N+b4fTU89LN9iDnjB5waksiC49rvMB0PrUJQGoTmH50XPiqOvAjDfaijGxYZw==}
    engines: {node: '>=8'}

  reusify@1.0.4:
    resolution: {integrity: sha512-U9nH88a3fc/ekCF1l0/UP1IosiuIjyTh7hBvXVMHYgVcfGvt897Xguj2UOLDeI5BG2m7/uwyaLVT6fbtCwTyzw==}
    engines: {iojs: '>=1.0.0', node: '>=0.10.0'}

  run-parallel@1.2.0:
    resolution: {integrity: sha512-5l4VyZR86LZ/lDxZTR6jqL8AFE2S0IFLMP26AbjsLVADxHdhB/c0GUsH+y39UfCi3dzz8OlQuPmnaJOMoDHQBA==}

  slash@3.0.0:
    resolution: {integrity: sha512-g9Q1haeby36OSStwb4ntCGGGaKsaVSjQ68fBxoQcutl5fS1vuY18H3wSt3jFyFtrkx+Kz0V1G85A4MyAdDMi2Q==}
    engines: {node: '>=8'}

  streamsearch@1.1.0:
    resolution: {integrity: sha512-Mcc5wHehp9aXz1ax6bZUyY5afg9u2rv5cqQI3mRrYkGC8rW2hM02jWuwjtL++LS5qinSyhj2QfLyNsuc+VsExg==}
    engines: {node: '>=10.0.0'}

  string-env-interpolation@1.0.1:
    resolution: {integrity: sha512-78lwMoCcn0nNu8LszbP1UA7g55OeE4v7rCeWnM5B453rnNr4aq+5it3FEYtZrSEiMvHZOZ9Jlqb0OD0M2VInqg==}

  supports-color@5.5.0:
    resolution: {integrity: sha512-QjVjwdXIt408MIiAqCX4oUKsgU2EqAGzs2Ppkm4aQYbjm+ZEWEcW4SfFNTr4uMNZma0ey4f5lgLrkB0aX0QMow==}
    engines: {node: '>=4'}

  to-regex-range@5.0.1:
    resolution: {integrity: sha512-65P7iz6X5yEr1cwcgvQxbbIw7Uk3gOy5dIdtZ4rDveLqhrdJP+Li/Hx6tyK0NEb+2GCyneCMJiGqrADCSNk8sQ==}
    engines: {node: '>=8.0'}

  tr46@0.0.3:
    resolution: {integrity: sha512-N3WMsuqV66lT30CrXNbEjx4GEwlow3v6rr4mCcv6prnfwhS01rkgyFdjPNBYd9br7LpXV1+Emh01fHnq2Gdgrw==}

  tslib@2.7.0:
    resolution: {integrity: sha512-gLXCKdN1/j47AiHiOkJN69hJmcbGTHI0ImLmbYLHykhgeN0jVGola9yVjFgzCUklsZQMW55o+dW7IXv3RCXDzA==}

  undici-types@6.19.8:
    resolution: {integrity: sha512-ve2KP6f/JnbPBFyobGHuerC9g1FYGn/F8n1LWTwNxCEzd6IfqTwUQcNXgEtmmQ6DlRrC1hrSrBnCZPokRrDHjw==}

  unixify@1.0.0:
    resolution: {integrity: sha512-6bc58dPYhCMHHuwxldQxO3RRNZ4eCogZ/st++0+fcC1nr0jiGUtAdBJ2qzmLQWSxbtz42pWt4QQMiZ9HvZf5cg==}
    engines: {node: '>=0.10.0'}

  urlpattern-polyfill@10.0.0:
    resolution: {integrity: sha512-H/A06tKD7sS1O1X2SshBVeA5FLycRpjqiBeqGKmBwBDBy28EnRjORxTNe269KSSr5un5qyWi1iL61wLxpd+ZOg==}

  value-or-promise@1.0.12:
    resolution: {integrity: sha512-Z6Uz+TYwEqE7ZN50gwn+1LCVo9ZVrpxRPOhOLnncYkY1ZzOYtrX8Fwf/rFktZ8R5mJms6EZf5TqNOMeZmnPq9Q==}
    engines: {node: '>=12'}

  webidl-conversions@3.0.1:
    resolution: {integrity: sha512-2JAn3z8AR6rjK8Sm8orRC0h/bcl/DqL7tRPdGZ4I1CjdF+EaMLmYxBHyXuKL849eucPFhvBoxMsflfOb8kxaeQ==}

  whatwg-url@5.0.0:
    resolution: {integrity: sha512-saE57nupxk6v3HY35+jzBwYa0rKSy0XR8JSxZPwgLr7ys0IBzhGviA1/TUGJLmSVqs8pb9AnvICXEuOHLprYTw==}

  ws@8.18.0:
    resolution: {integrity: sha512-8VbfWfHLbbwu3+N6OKsOMpBdT4kXPDDB9cJk2bJ6mh9ucxdlnNvH1e+roYkKmN9Nxw2yjz7VzeO9oOz2zJ04Pw==}
    engines: {node: '>=10.0.0'}
    peerDependencies:
      bufferutil: ^4.0.1
      utf-8-validate: '>=5.0.2'
    peerDependenciesMeta:
      bufferutil:
        optional: true
      utf-8-validate:
        optional: true

  yocto-queue@0.1.0:
    resolution: {integrity: sha512-rVksvsnNCdJ/ohGc6xgPwyN8eheCxsiLM8mxuE/t/mOVqJewPuO1miLpTHQiRgTKCLexL4MeAFVagts7HmNZ2Q==}
    engines: {node: '>=10'}

snapshots:

  '@ardatan/sync-fetch@0.0.1':
    dependencies:
      node-fetch: 2.7.0
    transitivePeerDependencies:
      - encoding

  '@babel/code-frame@7.24.7':
    dependencies:
      '@babel/highlight': 7.24.7
      picocolors: 1.1.0

  '@babel/helper-validator-identifier@7.24.7': {}

  '@babel/highlight@7.24.7':
    dependencies:
      '@babel/helper-validator-identifier': 7.24.7
      chalk: 2.4.2
      js-tokens: 4.0.0
      picocolors: 1.1.0

  '@graphql-tools/batch-execute@9.0.4(graphql@16.9.0)':
    dependencies:
      '@graphql-tools/utils': 10.5.4(graphql@16.9.0)
      dataloader: 2.2.2
      graphql: 16.9.0
      tslib: 2.7.0
      value-or-promise: 1.0.12

  '@graphql-tools/delegate@10.0.21(graphql@16.9.0)':
    dependencies:
      '@graphql-tools/batch-execute': 9.0.4(graphql@16.9.0)
      '@graphql-tools/executor': 1.3.1(graphql@16.9.0)
      '@graphql-tools/schema': 10.0.6(graphql@16.9.0)
      '@graphql-tools/utils': 10.5.4(graphql@16.9.0)
      '@repeaterjs/repeater': 3.0.6
      dataloader: 2.2.2
      graphql: 16.9.0
      tslib: 2.7.0

  '@graphql-tools/executor-graphql-ws@1.2.0(graphql@16.9.0)':
    dependencies:
      '@graphql-tools/utils': 10.5.4(graphql@16.9.0)
      '@types/ws': 8.5.12
      graphql: 16.9.0
      graphql-ws: 5.16.0(graphql@16.9.0)
      isomorphic-ws: 5.0.0(ws@8.18.0)
      tslib: 2.7.0
      ws: 8.18.0
    transitivePeerDependencies:
      - bufferutil
      - utf-8-validate

  '@graphql-tools/executor-http@1.1.6(@types/node@22.5.5)(graphql@16.9.0)':
    dependencies:
      '@graphql-tools/utils': 10.5.4(graphql@16.9.0)
      '@repeaterjs/repeater': 3.0.6
      '@whatwg-node/fetch': 0.9.21
      extract-files: 11.0.0
      graphql: 16.9.0
      meros: 1.3.0(@types/node@22.5.5)
      tslib: 2.7.0
      value-or-promise: 1.0.12
    transitivePeerDependencies:
      - '@types/node'

  '@graphql-tools/executor-legacy-ws@1.1.0(graphql@16.9.0)':
    dependencies:
      '@graphql-tools/utils': 10.5.4(graphql@16.9.0)
      '@types/ws': 8.5.12
      graphql: 16.9.0
      isomorphic-ws: 5.0.0(ws@8.18.0)
      tslib: 2.7.0
      ws: 8.18.0
    transitivePeerDependencies:
      - bufferutil
      - utf-8-validate

  '@graphql-tools/executor@1.3.1(graphql@16.9.0)':
    dependencies:
      '@graphql-tools/utils': 10.5.4(graphql@16.9.0)
      '@graphql-typed-document-node/core': 3.2.0(graphql@16.9.0)
      '@repeaterjs/repeater': 3.0.6
      graphql: 16.9.0
      tslib: 2.7.0
      value-or-promise: 1.0.12

  '@graphql-tools/graphql-file-loader@8.0.1(graphql@16.9.0)':
    dependencies:
      '@graphql-tools/import': 7.0.1(graphql@16.9.0)
      '@graphql-tools/utils': 10.5.4(graphql@16.9.0)
      globby: 11.1.0
      graphql: 16.9.0
      tslib: 2.7.0
      unixify: 1.0.0

  '@graphql-tools/import@7.0.1(graphql@16.9.0)':
    dependencies:
      '@graphql-tools/utils': 10.5.4(graphql@16.9.0)
      graphql: 16.9.0
      resolve-from: 5.0.0
      tslib: 2.7.0

  '@graphql-tools/json-file-loader@8.0.1(graphql@16.9.0)':
    dependencies:
      '@graphql-tools/utils': 10.5.4(graphql@16.9.0)
      globby: 11.1.0
      graphql: 16.9.0
      tslib: 2.7.0
      unixify: 1.0.0

  '@graphql-tools/load@8.0.2(graphql@16.9.0)':
    dependencies:
      '@graphql-tools/schema': 10.0.6(graphql@16.9.0)
      '@graphql-tools/utils': 10.5.4(graphql@16.9.0)
      graphql: 16.9.0
      p-limit: 3.1.0
      tslib: 2.7.0

  '@graphql-tools/merge@9.0.7(graphql@16.9.0)':
    dependencies:
      '@graphql-tools/utils': 10.5.4(graphql@16.9.0)
      graphql: 16.9.0
      tslib: 2.7.0

  '@graphql-tools/schema@10.0.6(graphql@16.9.0)':
    dependencies:
      '@graphql-tools/merge': 9.0.7(graphql@16.9.0)
      '@graphql-tools/utils': 10.5.4(graphql@16.9.0)
      graphql: 16.9.0
      tslib: 2.7.0
      value-or-promise: 1.0.12

  '@graphql-tools/url-loader@8.0.2(@types/node@22.5.5)(graphql@16.9.0)':
    dependencies:
      '@ardatan/sync-fetch': 0.0.1
      '@graphql-tools/delegate': 10.0.21(graphql@16.9.0)
      '@graphql-tools/executor-graphql-ws': 1.2.0(graphql@16.9.0)
      '@graphql-tools/executor-http': 1.1.6(@types/node@22.5.5)(graphql@16.9.0)
      '@graphql-tools/executor-legacy-ws': 1.1.0(graphql@16.9.0)
      '@graphql-tools/utils': 10.5.4(graphql@16.9.0)
      '@graphql-tools/wrap': 10.0.5(graphql@16.9.0)
      '@types/ws': 8.5.12
      '@whatwg-node/fetch': 0.9.21
      graphql: 16.9.0
      isomorphic-ws: 5.0.0(ws@8.18.0)
      tslib: 2.7.0
      value-or-promise: 1.0.12
      ws: 8.18.0
    transitivePeerDependencies:
      - '@types/node'
      - bufferutil
      - encoding
      - utf-8-validate

  '@graphql-tools/utils@10.5.4(graphql@16.9.0)':
    dependencies:
      '@graphql-typed-document-node/core': 3.2.0(graphql@16.9.0)
      cross-inspect: 1.0.1
      dset: 3.1.4
      graphql: 16.9.0
      tslib: 2.7.0

  '@graphql-tools/wrap@10.0.5(graphql@16.9.0)':
    dependencies:
      '@graphql-tools/delegate': 10.0.21(graphql@16.9.0)
      '@graphql-tools/schema': 10.0.6(graphql@16.9.0)
      '@graphql-tools/utils': 10.5.4(graphql@16.9.0)
      graphql: 16.9.0
      tslib: 2.7.0
      value-or-promise: 1.0.12

  '@graphql-typed-document-node/core@3.2.0(graphql@16.9.0)':
    dependencies:
      graphql: 16.9.0

  '@kamilkisiela/fast-url-parser@1.1.4': {}

  '@nodelib/fs.scandir@2.1.5':
    dependencies:
      '@nodelib/fs.stat': 2.0.5
      run-parallel: 1.2.0

  '@nodelib/fs.stat@2.0.5': {}

  '@nodelib/fs.walk@1.2.8':
    dependencies:
      '@nodelib/fs.scandir': 2.1.5
      fastq: 1.17.1

  '@repeaterjs/repeater@3.0.6': {}

  '@types/node@22.5.5':
    dependencies:
      undici-types: 6.19.8

  '@types/ws@8.5.12':
    dependencies:
      '@types/node': 22.5.5

  '@whatwg-node/fetch@0.9.21':
    dependencies:
      '@whatwg-node/node-fetch': 0.5.26
      urlpattern-polyfill: 10.0.0

  '@whatwg-node/node-fetch@0.5.26':
    dependencies:
      '@kamilkisiela/fast-url-parser': 1.1.4
      busboy: 1.6.0
      fast-querystring: 1.1.2
      tslib: 2.7.0

  ansi-styles@3.2.1:
    dependencies:
      color-convert: 1.9.3

  argparse@2.0.1: {}

  array-union@2.1.0: {}

  balanced-match@1.0.2: {}

  brace-expansion@2.0.1:
    dependencies:
      balanced-match: 1.0.2

  braces@3.0.3:
    dependencies:
      fill-range: 7.1.1

  busboy@1.6.0:
    dependencies:
      streamsearch: 1.1.0

  callsites@3.1.0: {}

  chalk@2.4.2:
    dependencies:
      ansi-styles: 3.2.1
      escape-string-regexp: 1.0.5
      supports-color: 5.5.0

  color-convert@1.9.3:
    dependencies:
      color-name: 1.1.3

  color-name@1.1.3: {}

  cosmiconfig@9.0.0:
    dependencies:
      env-paths: 2.2.1
      import-fresh: 3.3.0
      js-yaml: 4.1.0
      parse-json: 5.2.0

  cross-inspect@1.0.1:
    dependencies:
      tslib: 2.7.0

  dataloader@2.2.2: {}

  dir-glob@3.0.1:
    dependencies:
      path-type: 4.0.0

  dset@3.1.4: {}

  env-paths@2.2.1: {}

  error-ex@1.3.2:
    dependencies:
      is-arrayish: 0.2.1

  escape-string-regexp@1.0.5: {}

  extract-files@11.0.0: {}

  fast-decode-uri-component@1.0.1: {}

  fast-glob@3.3.2:
    dependencies:
      '@nodelib/fs.stat': 2.0.5
      '@nodelib/fs.walk': 1.2.8
      glob-parent: 5.1.2
      merge2: 1.4.1
      micromatch: 4.0.8

  fast-querystring@1.1.2:
    dependencies:
      fast-decode-uri-component: 1.0.1

  fastq@1.17.1:
    dependencies:
      reusify: 1.0.4

  fill-range@7.1.1:
    dependencies:
      to-regex-range: 5.0.1

  glob-parent@5.1.2:
    dependencies:
      is-glob: 4.0.3

  globby@11.1.0:
    dependencies:
      array-union: 2.1.0
      dir-glob: 3.0.1
      fast-glob: 3.3.2
      ignore: 5.3.2
      merge2: 1.4.1
      slash: 3.0.0

  graphql-config@5.1.2(@types/node@22.5.5)(graphql@16.9.0):
    dependencies:
      '@graphql-tools/graphql-file-loader': 8.0.1(graphql@16.9.0)
      '@graphql-tools/json-file-loader': 8.0.1(graphql@16.9.0)
      '@graphql-tools/load': 8.0.2(graphql@16.9.0)
      '@graphql-tools/merge': 9.0.7(graphql@16.9.0)
      '@graphql-tools/url-loader': 8.0.2(@types/node@22.5.5)(graphql@16.9.0)
      '@graphql-tools/utils': 10.5.4(graphql@16.9.0)
      cosmiconfig: 9.0.0
      graphql: 16.9.0
      jiti: 1.21.6
      minimatch: 9.0.5
      string-env-interpolation: 1.0.1
      tslib: 2.7.0
    transitivePeerDependencies:
      - '@types/node'
      - bufferutil
      - encoding
      - typescript
      - utf-8-validate

  graphql-ws@5.16.0(graphql@16.9.0):
    dependencies:
      graphql: 16.9.0

  graphql@16.9.0: {}

  has-flag@3.0.0: {}

  ignore@5.3.2: {}

  import-fresh@3.3.0:
    dependencies:
      parent-module: 1.0.1
      resolve-from: 4.0.0

  is-arrayish@0.2.1: {}

  is-extglob@2.1.1: {}

  is-glob@4.0.3:
    dependencies:
      is-extglob: 2.1.1

  is-number@7.0.0: {}

  isomorphic-ws@5.0.0(ws@8.18.0):
    dependencies:
      ws: 8.18.0

  jiti@1.21.6: {}

  js-tokens@4.0.0: {}

  js-yaml@4.1.0:
    dependencies:
      argparse: 2.0.1

  json-parse-even-better-errors@2.3.1: {}

  lines-and-columns@1.2.4: {}

  merge2@1.4.1: {}

  meros@1.3.0(@types/node@22.5.5):
    optionalDependencies:
      '@types/node': 22.5.5

  micromatch@4.0.8:
    dependencies:
      braces: 3.0.3
      picomatch: 2.3.1

  minimatch@9.0.5:
    dependencies:
      brace-expansion: 2.0.1

  node-fetch@2.7.0:
    dependencies:
      whatwg-url: 5.0.0

  normalize-path@2.1.1:
    dependencies:
      remove-trailing-separator: 1.1.0

  p-limit@3.1.0:
    dependencies:
      yocto-queue: 0.1.0

  parent-module@1.0.1:
    dependencies:
      callsites: 3.1.0

  parse-json@5.2.0:
    dependencies:
      '@babel/code-frame': 7.24.7
      error-ex: 1.3.2
      json-parse-even-better-errors: 2.3.1
      lines-and-columns: 1.2.4

  path-type@4.0.0: {}

  picocolors@1.1.0: {}

  picomatch@2.3.1: {}

  queue-microtask@1.2.3: {}

  remove-trailing-separator@1.1.0: {}

  resolve-from@4.0.0: {}

  resolve-from@5.0.0: {}

  reusify@1.0.4: {}

  run-parallel@1.2.0:
    dependencies:
      queue-microtask: 1.2.3

  slash@3.0.0: {}

  streamsearch@1.1.0: {}

  string-env-interpolation@1.0.1: {}

  supports-color@5.5.0:
    dependencies:
      has-flag: 3.0.0

  to-regex-range@5.0.1:
    dependencies:
      is-number: 7.0.0

  tr46@0.0.3: {}

  tslib@2.7.0: {}

  undici-types@6.19.8: {}

  unixify@1.0.0:
    dependencies:
      normalize-path: 2.1.1

  urlpattern-polyfill@10.0.0: {}

  value-or-promise@1.0.12: {}

  webidl-conversions@3.0.1: {}

  whatwg-url@5.0.0:
    dependencies:
      tr46: 0.0.3
      webidl-conversions: 3.0.1

  ws@8.18.0: {}

  yocto-queue@0.1.0: {}
